
Microsoft Visual Studio Solution File, Format Version 12.00
# Visual Studio Version 16
VisualStudioVersion = 16.0.28803.352
MinimumVisualStudioVersion = 10.0.40219.1
Project("{FAE04EC0-301F-11D3-BF4B-00C04F79EFBC}") = "TicketsDiscount", "TicketsDiscount\TicketsDiscount.csproj", "{ADD13F8C-75D4-43AE-B594-82F7F9B298BA}"
EndProject
Global
	GlobalSection(SolutionConfigurationPlatforms) = preSolution
		Debug|Any CPU = Debug|Any CPU
		Release|Any CPU = Release|Any CPU
	EndGlobalSection
	GlobalSection(ProjectConfigurationPlatforms) = postSolution
		{ADD13F8C-75D4-43AE-B594-82F7F9B298BA}.Debug|Any CPU.ActiveCfg = Debug|Any CPU
		{ADD13F8C-75D4-43AE-B594-82F7F9B298BA}.Debug|Any CPU.Build.0 = Debug|Any CPU
		{ADD13F8C-75D4-43AE-B594-82F7F9B298BA}.Release|Any CPU.ActiveCfg = Release|Any CPU
		{ADD13F8C-75D4-43AE-B594-82F7F9B298BA}.Release|Any CPU.Build.0 = Release|Any CPU
	EndGlobalSection
	GlobalSection(SolutionProperties) = preSolution
		HideSolutionNode = FALSE
	EndGlobalSection
	GlobalSection(ExtensibilityGlobals) = postSolution
		SolutionGuid = {62417D04-F49E-4033-8CA3-ED74FD194B0B}
	EndGlobalSection
EndGlobal
