
Microsoft Visual Studio Solution File, Format Version 12.00
# Visual Studio 15
VisualStudioVersion = 15.0.26730.12
MinimumVisualStudioVersion = 10.0.40219.1
Project("{FAE04EC0-301F-11D3-BF4B-00C04F79EFBC}") = "Iterator_Merge_Menu", "Iterator_Merge_Menu\Iterator_Merge_Menu.csproj", "{871040B2-4D50-4A65-AB00-D5B744E6E06C}"
EndProject
Global
	GlobalSection(SolutionConfigurationPlatforms) = preSolution
		Debug|Any CPU = Debug|Any CPU
		Release|Any CPU = Release|Any CPU
	EndGlobalSection
	GlobalSection(ProjectConfigurationPlatforms) = postSolution
		{871040B2-4D50-4A65-AB00-D5B744E6E06C}.Debug|Any CPU.ActiveCfg = Debug|Any CPU
		{871040B2-4D50-4A65-AB00-D5B744E6E06C}.Debug|Any CPU.Build.0 = Debug|Any CPU
		{871040B2-4D50-4A65-AB00-D5B744E6E06C}.Release|Any CPU.ActiveCfg = Release|Any CPU
		{871040B2-4D50-4A65-AB00-D5B744E6E06C}.Release|Any CPU.Build.0 = Release|Any CPU
	EndGlobalSection
	GlobalSection(SolutionProperties) = preSolution
		HideSolutionNode = FALSE
	EndGlobalSection
	GlobalSection(ExtensibilityGlobals) = postSolution
		SolutionGuid = {CED8B741-D265-4E24-9136-B37D01C79CB2}
	EndGlobalSection
EndGlobal
